PODS:
  - Alamofire (3.4.2)
  - AWSCognito (2.4.7):
    - AWSCore (= 2.4.7)
  - AWSCore (2.4.7)
  - AWSS3 (2.4.7):
    - AWSCore (= 2.4.7)
  - DZNEmptyDataSet (1.8.1)
  - FastttCamera (0.3.4):
    - FastttCamera/Default (= 0.3.4)
  - FastttCamera/Default (0.3.4)
  - HyphenateSDK (3.1.5)
  - JSQMessagesViewController (7.3.4):
    - JSQSystemSoundPlayer (~> 2.0.1)
  - JSQSystemSoundPlayer (2.0.1)
  - KDCircularProgress (1.4.1)
  - MBProgressHUD (1.0.0)
  - MJRefresh (3.1.12)
  - SimpleKeychain (0.7.0)
  - SwiftyJSON (2.3.2)
  - TOCropViewController (2.0.7)
  - UITextView+Placeholder (1.2.0)

DEPENDENCIES:
  - Alamofire
  - AWSCognito
  - AWSCore
  - AWSS3
  - DZNEmptyDataSet
  - FastttCamera
  - HyphenateSDK
  - JSQMessagesViewController
  - KDCircularProgress
  - MBProgressHUD
  - MJRefresh
  - SimpleKeychain
  - SwiftyJSON (from `https://github.com/SwiftyJSON/SwiftyJSON.git`)
  - TOCropViewController
  - UITextView+Placeholder

EXTERNAL SOURCES:
  SwiftyJSON:
    :git: https://github.com/SwiftyJSON/SwiftyJSON.git

CHECKOUT OPTIONS:
  SwiftyJSON:
    :commit: 73670b94292b8d8496c398a973f56ac67789ba9f
    :git: https://github.com/SwiftyJSON/SwiftyJSON.git

SPEC CHECKSUMS:
  Alamofire: 6aa33201d20d069e1598891cf928883ff1888c7a
  AWSCognito: 6aa404f15d1eb2b4b51f45322a409257b3248e79
  AWSCore: 9a729a3c0050a51ece3547d546c327acdac7838a
  AWSS3: 0f3c8ed11e04cd78cf86ed396c06330ab142db7a
  DZNEmptyDataSet: 9525833b9e68ac21c30253e1d3d7076cc828eaa7
  FastttCamera: 51f16712cbd5bdb08bc6231b957325c6be5e478d
  HyphenateSDK: 382aa930ce5af6ea69aa52e6a122b111abb03aac
  JSQMessagesViewController: 39fed975e3c9f8eba7292071e29eeb541d105e66
  JSQSystemSoundPlayer: c5850e77a4363ffd374cd851154b9af93264ed8d
  KDCircularProgress: c931181cbe3fe988a93250ac700c5a0d8b90e2bf
  MBProgressHUD: 4890f671c94e8a0f3cf959aa731e9de2f036d71a
  MJRefresh: b96cdb21c4aa75a7b07654311ab2f315c497e806
  SimpleKeychain: b50cef3b87939d480ea1143425c00f5b4b70fe21
  SwiftyJSON: 04ccea08915aa0109039157c7974cf0298da292a
  TOCropViewController: cec24e4385929683b217d08bfdc8791975cddc04
  UITextView+Placeholder: 77680995fcdd07c3f52ec92fe1150874a2ac89ff

COCOAPODS: 0.39.0
