PODS:
  - Alamofire (3.3.1)
  - AWSCognito (2.3.6):
    - AWSCore (= 2.3.6)
  - AWSCore (2.3.6)
  - AWSS3 (2.3.6):
    - AWSCore (= 2.3.6)
  - FastttCamera (0.3.4):
    - FastttCamera/Default (= 0.3.4)
  - FastttCamera/Default (0.3.4)
  - JSQMessagesViewController (7.2.0):
    - JSQSystemSoundPlayer (~> 2.0.1)
  - JSQSystemSoundPlayer (2.0.1)
  - KDCircularProgress (1.4.0)
  - MBProgressHUD (0.9.2)
  - MJRefresh (3.1.0)
  - SimpleKeychain (0.7.0)
  - SwiftyJSON (2.3.2)
  - TOCropViewController (1.2.8)
  - UITextView+Placeholder (1.1.1)

DEPENDENCIES:
  - Alamofire
  - AWSCognito
  - AWSCore
  - AWSS3
  - FastttCamera
  - JSQMessagesViewController
  - KDCircularProgress
  - MBProgressHUD (~> 0.9.2)
  - MJRefresh
  - SimpleKeychain
  - SwiftyJSON (from `https://github.com/SwiftyJSON/SwiftyJSON.git`)
  - TOCropViewController
  - UITextView+Placeholder

EXTERNAL SOURCES:
  SwiftyJSON:
    :git: https://github.com/SwiftyJSON/SwiftyJSON.git

CHECKOUT OPTIONS:
  SwiftyJSON:
    :commit: 2a5b70f06001316d4fb54501edc70b4084705da0
    :git: https://github.com/SwiftyJSON/SwiftyJSON.git

SPEC CHECKSUMS:
  Alamofire: 369bc67b6f5ac33ded3648d7bd21c5bfb91c2ecc
  AWSCognito: af54fe65171c7c994c134e5d29b1ee60ee234825
  AWSCore: 917d84b32974136194a905b98c0ae25c9f3350b8
  AWSS3: 1caaf6b45100503fecf3d418c394519a89409a74
  FastttCamera: 51f16712cbd5bdb08bc6231b957325c6be5e478d
  JSQMessagesViewController: 73cab48aa92fc2d512f3b6724f3425cc47a19eb5
  JSQSystemSoundPlayer: c5850e77a4363ffd374cd851154b9af93264ed8d
  KDCircularProgress: f5770bbd83da909bf6cd96c2dea0b8bae45ec774
  MBProgressHUD: 1569cf7ace17a8bac47aabfbb8580a49690386d1
  MJRefresh: 743e6404967d1c2c688472ea3ecfde247d872db4
  SimpleKeychain: b50cef3b87939d480ea1143425c00f5b4b70fe21
  SwiftyJSON: 04ccea08915aa0109039157c7974cf0298da292a
  TOCropViewController: 2c72208134944234a47bf9e8827342387136bd69
  UITextView+Placeholder: a6fc3e0378f3870036ec562a7537cbf6dbae4bf6

COCOAPODS: 0.39.0
